
Microsoft Visual Studio Solution File, Format Version 12.00
# Visual Studio Version 17
VisualStudioVersion = 17.8.34322.80
MinimumVisualStudioVersion = 10.0.40219.1
Project("{FAE04EC0-301F-11D3-BF4B-00C04F79EFBC}") = "7DaysToCheat", "7DaysToCheat\7DaysToCheat.csproj", "{20ECF5E6-3011-4419-917D-298B23167596}"
EndProject
Global
	GlobalSection(SolutionConfigurationPlatforms) = preSolution
		Debug|Any CPU = Debug|Any CPU
		Release|Any CPU = Release|Any CPU
	EndGlobalSection
	GlobalSection(ProjectConfigurationPlatforms) = postSolution
		{20ECF5E6-3011-4419-917D-298B23167596}.Debug|Any CPU.ActiveCfg = Debug|Any CPU
		{20ECF5E6-3011-4419-917D-298B23167596}.Debug|Any CPU.Build.0 = Debug|Any CPU
		{20ECF5E6-3011-4419-917D-298B23167596}.Release|Any CPU.ActiveCfg = Release|Any CPU
		{20ECF5E6-3011-4419-917D-298B23167596}.Release|Any CPU.Build.0 = Release|Any CPU
	EndGlobalSection
	GlobalSection(SolutionProperties) = preSolution
		HideSolutionNode = FALSE
	EndGlobalSection
	GlobalSection(ExtensibilityGlobals) = postSolution
		SolutionGuid = {C7142101-0D8B-4445-9604-A026904F3357}
	EndGlobalSection
EndGlobal
